// !$*UTF8*$!
{
	archiveVersion = 1;
	classes = {
	};
	objectVersion = 50;
	objects = {

/* Begin PBXBuildFile section */
		0464C40129B9EC06009134BF /* DemoActors.framework in Frameworks */ = {isa = PBXBuildFile; fileRef = 0464C3F729B9EC06009134BF /* DemoActors.framework */; };
		0464C40629B9EC06009134BF /* DemoActorsTests.swift in Sources */ = {isa = PBXBuildFile; fileRef = 0464C40529B9EC06009134BF /* DemoActorsTests.swift */; };
		0464C40829B9EC06009134BF /* DemoActors.h in Headers */ = {isa = PBXBuildFile; fileRef = 0464C3FA29B9EC06009134BF /* DemoActors.h */; settings = {ATTRIBUTES = (Public, ); }; };
		0464C41429B9EC2D009134BF /* SeatBooking.swift in Sources */ = {isa = PBXBuildFile; fileRef = 0464C41329B9EC2D009134BF /* SeatBooking.swift */; };
		0464C41829B9EC54009134BF /* Flight.swift in Sources */ = {isa = PBXBuildFile; fileRef = 0464C41729B9EC54009134BF /* Flight.swift */; };
/* End PBXBuildFile section */

/* Begin PBXContainerItemProxy section */
		0464C40229B9EC06009134BF /* PBXContainerItemProxy */ = {
			isa = PBXContainerItemProxy;
			containerPortal = 0464C3EE29B9EC06009134BF /* Project object */;
			proxyType = 1;
			remoteGlobalIDString = 0464C3F629B9EC06009134BF;
			remoteInfo = DemoActors;
		};
/* End PBXContainerItemProxy section */

/* Begin PBXFileReference section */
		0464C3F729B9EC06009134BF /* DemoActors.framework */ = {isa = PBXFileReference; explicitFileType = wrapper.framework; includeInIndex = 0; path = DemoActors.framework; sourceTree = BUILT_PRODUCTS_DIR; };
		0464C3FA29B9EC06009134BF /* DemoActors.h */ = {isa = PBXFileReference; lastKnownFileType = sourcecode.c.h; path = DemoActors.h; sourceTree = "<group>"; };
		0464C3FB29B9EC06009134BF /* Info.plist */ = {isa = PBXFileReference; lastKnownFileType = text.plist.xml; path = Info.plist; sourceTree = "<group>"; };
		0464C40029B9EC06009134BF /* DemoActorsTests.xctest */ = {isa = PBXFileReference; explicitFileType = wrapper.cfbundle; includeInIndex = 0; path = DemoActorsTests.xctest; sourceTree = BUILT_PRODUCTS_DIR; };
		0464C40529B9EC06009134BF /* DemoActorsTests.swift */ = {isa = PBXFileReference; lastKnownFileType = sourcecode.swift; path = DemoActorsTests.swift; sourceTree = "<group>"; };
		0464C40729B9EC06009134BF /* Info.plist */ = {isa = PBXFileReference; lastKnownFileType = text.plist.xml; path = Info.plist; sourceTree = "<group>"; };
		0464C41329B9EC2D009134BF /* SeatBooking.swift */ = {isa = PBXFileReference; lastKnownFileType = sourcecode.swift; path = SeatBooking.swift; sourceTree = "<group>"; };
		0464C41729B9EC54009134BF /* Flight.swift */ = {isa = PBXFileReference; lastKnownFileType = sourcecode.swift; path = Flight.swift; sourceTree = "<group>"; };
/* End PBXFileReference section */

/* Begin PBXFrameworksBuildPhase section */
		0464C3F429B9EC06009134BF /* Frameworks */ = {
			isa = PBXFrameworksBuildPhase;
			buildActionMask = 2147483647;
			files = (
			);
			runOnlyForDeploymentPostprocessing = 0;
		};
		0464C3FD29B9EC06009134BF /* Frameworks */ = {
			isa = PBXFrameworksBuildPhase;
			buildActionMask = 2147483647;
			files = (
				0464C40129B9EC06009134BF /* DemoActors.framework in Frameworks */,
			);
			runOnlyForDeploymentPostprocessing = 0;
		};
/* End PBXFrameworksBuildPhase section */

/* Begin PBXGroup section */
		0464C3ED29B9EC06009134BF = {
			isa = PBXGroup;
			children = (
				0464C3F929B9EC06009134BF /* DemoActors */,
				0464C40429B9EC06009134BF /* DemoActorsTests */,
				0464C3F829B9EC06009134BF /* Products */,
			);
			sourceTree = "<group>";
		};
		0464C3F829B9EC06009134BF /* Products */ = {
			isa = PBXGroup;
			children = (
				0464C3F729B9EC06009134BF /* DemoActors.framework */,
				0464C40029B9EC06009134BF /* DemoActorsTests.xctest */,
			);
			name = Products;
			sourceTree = "<group>";
		};
		0464C3F929B9EC06009134BF /* DemoActors */ = {
			isa = PBXGroup;
			children = (
				0464C3FA29B9EC06009134BF /* DemoActors.h */,
				0464C3FB29B9EC06009134BF /* Info.plist */,
				0464C41329B9EC2D009134BF /* SeatBooking.swift */,
				0464C41729B9EC54009134BF /* Flight.swift */,
			);
			path = DemoActors;
			sourceTree = "<group>";
		};
		0464C40429B9EC06009134BF /* DemoActorsTests */ = {
			isa = PBXGroup;
			children = (
				0464C40529B9EC06009134BF /* DemoActorsTests.swift */,
				0464C40729B9EC06009134BF /* Info.plist */,
			);
			path = DemoActorsTests;
			sourceTree = "<group>";
		};
/* End PBXGroup section */

/* Begin PBXHeadersBuildPhase section */
		0464C3F229B9EC06009134BF /* Headers */ = {
			isa = PBXHeadersBuildPhase;
			buildActionMask = 2147483647;
			files = (
				0464C40829B9EC06009134BF /* DemoActors.h in Headers */,
			);
			runOnlyForDeploymentPostprocessing = 0;
		};
/* End PBXHeadersBuildPhase section */

/* Begin PBXNativeTarget section */
		0464C3F629B9EC06009134BF /* DemoActors */ = {
			isa = PBXNativeTarget;
			buildConfigurationList = 0464C40B29B9EC06009134BF /* Build configuration list for PBXNativeTarget "DemoActors" */;
			buildPhases = (
				0464C3F229B9EC06009134BF /* Headers */,
				0464C3F329B9EC06009134BF /* Sources */,
				0464C3F429B9EC06009134BF /* Frameworks */,
				0464C3F529B9EC06009134BF /* Resources */,
			);
			buildRules = (
			);
			dependencies = (
			);
			name = DemoActors;
			productName = DemoActors;
			productReference = 0464C3F729B9EC06009134BF /* DemoActors.framework */;
			productType = "com.apple.product-type.framework";
		};
		0464C3FF29B9EC06009134BF /* DemoActorsTests */ = {
			isa = PBXNativeTarget;
			buildConfigurationList = 0464C40E29B9EC06009134BF /* Build configuration list for PBXNativeTarget "DemoActorsTests" */;
			buildPhases = (
				0464C3FC29B9EC06009134BF /* Sources */,
				0464C3FD29B9EC06009134BF /* Frameworks */,
				0464C3FE29B9EC06009134BF /* Resources */,
			);
			buildRules = (
			);
			dependencies = (
				0464C40329B9EC06009134BF /* PBXTargetDependency */,
			);
			name = DemoActorsTests;
			productName = DemoActorsTests;
			productReference = 0464C40029B9EC06009134BF /* DemoActorsTests.xctest */;
			productType = "com.apple.product-type.bundle.unit-test";
		};
/* End PBXNativeTarget section */

/* Begin PBXProject section */
		0464C3EE29B9EC06009134BF /* Project object */ = {
			isa = PBXProject;
			attributes = {
				LastSwiftUpdateCheck = 1240;
				LastUpgradeCheck = 1240;
				TargetAttributes = {
					0464C3F629B9EC06009134BF = {
						CreatedOnToolsVersion = 12.4;
						LastSwiftMigration = 1240;
					};
					0464C3FF29B9EC06009134BF = {
						CreatedOnToolsVersion = 12.4;
					};
				};
			};
			buildConfigurationList = 0464C3F129B9EC06009134BF /* Build configuration list for PBXProject "DemoActors" */;
			compatibilityVersion = "Xcode 9.3";
			developmentRegion = en;
			hasScannedForEncodings = 0;
			knownRegions = (
				en,
				Base,
			);
			mainGroup = 0464C3ED29B9EC06009134BF;
			productRefGroup = 0464C3F829B9EC06009134BF /* Products */;
			projectDirPath = "";
			projectRoot = "";
			targets = (
				0464C3F629B9EC06009134BF /* DemoActors */,
				0464C3FF29B9EC06009134BF /* DemoActorsTests */,
			);
		};
/* End PBXProject section */

/* Begin PBXResourcesBuildPhase section */
		0464C3F529B9EC06009134BF /* Resources */ = {
			isa = PBXResourcesBuildPhase;
			buildActionMask = 2147483647;
			files = (
			);
			runOnlyForDeploymentPostprocessing = 0;
		};
		0464C3FE29B9EC06009134BF /* Resources */ = {
			isa = PBXResourcesBuildPhase;
			buildActionMask = 2147483647;
			files = (
			);
			runOnlyForDeploymentPostprocessing = 0;
		};
/* End PBXResourcesBuildPhase section */

/* Begin PBXSourcesBuildPhase section */
		0464C3F329B9EC06009134BF /* Sources */ = {
			isa = PBXSourcesBuildPhase;
			buildActionMask = 2147483647;
			files = (
				0464C41429B9EC2D009134BF /* SeatBooking.swift in Sources */,
				0464C41829B9EC54009134BF /* Flight.swift in Sources */,
			);
			runOnlyForDeploymentPostprocessing = 0;
		};
		0464C3FC29B9EC06009134BF /* Sources */ = {
			isa = PBXSourcesBuildPhase;
			buildActionMask = 2147483647;
			files = (
				0464C40629B9EC06009134BF /* DemoActorsTests.swift in Sources */,
			);
			runOnlyForDeploymentPostprocessing = 0;
		};
/* End PBXSourcesBuildPhase section */

/* Begin PBXTargetDependency section */
		0464C40329B9EC06009134BF /* PBXTargetDependency */ = {
			isa = PBXTargetDependency;
			target = 0464C3F629B9EC06009134BF /* DemoActors */;
			targetProxy = 0464C40229B9EC06009134BF /* PBXContainerItemProxy */;
		};
/* End PBXTargetDependency section */

/* Begin XCBuildConfiguration section */
		0464C40929B9EC06009134BF /* Debug */ = {
			isa = XCBuildConfiguration;
			buildSettings = {
				ALWAYS_SEARCH_USER_PATHS = NO;
				CLANG_ANALYZER_NONNULL = YES;
				CLANG_ANALYZER_NUMBER_OBJECT_CONVERSION = YES_AGGRESSIVE;
				CLANG_CXX_LANGUAGE_STANDARD = "gnu++14";
				CLANG_CXX_LIBRARY = "libc++";
				CLANG_ENABLE_MODULES = YES;
				CLANG_ENABLE_OBJC_ARC = YES;
				CLANG_ENABLE_OBJC_WEAK = YES;
				CLANG_WARN_BLOCK_CAPTURE_AUTORELEASING = YES;
				CLANG_WARN_BOOL_CONVERSION = YES;
				CLANG_WARN_COMMA = YES;
				CLANG_WARN_CONSTANT_CONVERSION = YES;
				CLANG_WARN_DEPRECATED_OBJC_IMPLEMENTATIONS = YES;
				CLANG_WARN_DIRECT_OBJC_ISA_USAGE = YES_ERROR;
				CLANG_WARN_DOCUMENTATION_COMMENTS = YES;
				CLANG_WARN_EMPTY_BODY = YES;
				CLANG_WARN_ENUM_CONVERSION = YES;
				CLANG_WARN_INFINITE_RECURSION = YES;
				CLANG_WARN_INT_CONVERSION = YES;
				CLANG_WARN_NON_LITERAL_NULL_CONVERSION = YES;
				CLANG_WARN_OBJC_IMPLICIT_RETAIN_SELF = YES;
				CLANG_WARN_OBJC_LITERAL_CONVERSION = YES;
				CLANG_WARN_OBJC_ROOT_CLASS = YES_ERROR;
				CLANG_WARN_QUOTED_INCLUDE_IN_FRAMEWORK_HEADER = YES;
				CLANG_WARN_RANGE_LOOP_ANALYSIS = YES;
				CLANG_WARN_STRICT_PROTOTYPES = YES;
				CLANG_WARN_SUSPICIOUS_MOVE = YES;
				CLANG_WARN_UNGUARDED_AVAILABILITY = YES_AGGRESSIVE;
				CLANG_WARN_UNREACHABLE_CODE = YES;
				CLANG_WARN__DUPLICATE_METHOD_MATCH = YES;
				COPY_PHASE_STRIP = NO;
				CURRENT_PROJECT_VERSION = 1;
				DEBUG_INFORMATION_FORMAT = dwarf;
				ENABLE_STRICT_OBJC_MSGSEND = YES;
				ENABLE_TESTABILITY = YES;
				GCC_C_LANGUAGE_STANDARD = gnu11;
				GCC_DYNAMIC_NO_PIC = NO;
				GCC_NO_COMMON_BLOCKS = YES;
				GCC_OPTIMIZATION_LEVEL = 0;
				GCC_PREPROCESSOR_DEFINITIONS = (
					"DEBUG=1",
					"$(inherited)",
				);
				GCC_WARN_64_TO_32_BIT_CONVERSION = YES;
				GCC_WARN_ABOUT_RETURN_TYPE = YES_ERROR;
				GCC_WARN_UNDECLARED_SELECTOR = YES;
				GCC_WARN_UNINITIALIZED_AUTOS = YES_AGGRESSIVE;
				GCC_WARN_UNUSED_FUNCTION = YES;
				GCC_WARN_UNUSED_VARIABLE = YES;
				MACOSX_DEPLOYMENT_TARGET = 10.15;
				MTL_ENABLE_DEBUG_INFO = INCLUDE_SOURCE;
				MTL_FAST_MATH = YES;
				ONLY_ACTIVE_ARCH = YES;
				SDKROOT = macosx;
				SWIFT_ACTIVE_COMPILATION_CONDITIONS = DEBUG;
				SWIFT_OPTIMIZATION_LEVEL = "-Onone";
				VERSIONING_SYSTEM = "apple-generic";
				VERSION_INFO_PREFIX = "";
			};
			name = Debug;
		};
		0464C40A29B9EC06009134BF /* Release */ = {
			isa = XCBuildConfiguration;
			buildSettings = {
				ALWAYS_SEARCH_USER_PATHS = NO;
				CLANG_ANALYZER_NONNULL = YES;
				CLANG_ANALYZER_NUMBER_OBJECT_CONVERSION = YES_AGGRESSIVE;
				CLANG_CXX_LANGUAGE_STANDARD = "gnu++14";
				CLANG_CXX_LIBRARY = "libc++";
				CLANG_ENABLE_MODULES = YES;
				CLANG_ENABLE_OBJC_ARC = YES;
				CLANG_ENABLE_OBJC_WEAK = YES;
				CLANG_WARN_BLOCK_CAPTURE_AUTORELEASING = YES;
				CLANG_WARN_BOOL_CONVERSION = YES;
				CLANG_WARN_COMMA = YES;
				CLANG_WARN_CONSTANT_CONVERSION = YES;
				CLANG_WARN_DEPRECATED_OBJC_IMPLEMENTATIONS = YES;
				CLANG_WARN_DIRECT_OBJC_ISA_USAGE = YES_ERROR;
				CLANG_WARN_DOCUMENTATION_COMMENTS = YES;
				CLANG_WARN_EMPTY_BODY = YES;
				CLANG_WARN_ENUM_CONVERSION = YES;
				CLANG_WARN_INFINITE_RECURSION = YES;
				CLANG_WARN_INT_CONVERSION = YES;
				CLANG_WARN_NON_LITERAL_NULL_CONVERSION = YES;
				CLANG_WARN_OBJC_IMPLICIT_RETAIN_SELF = YES;
				CLANG_WARN_OBJC_LITERAL_CONVERSION = YES;
				CLANG_WARN_OBJC_ROOT_CLASS = YES_ERROR;
				CLANG_WARN_QUOTED_INCLUDE_IN_FRAMEWORK_HEADER = YES;
				CLANG_WARN_RANGE_LOOP_ANALYSIS = YES;
				CLANG_WARN_STRICT_PROTOTYPES = YES;
				CLANG_WARN_SUSPICIOUS_MOVE = YES;
				CLANG_WARN_UNGUARDED_AVAILABILITY = YES_AGGRESSIVE;
				CLANG_WARN_UNREACHABLE_CODE = YES;
				CLANG_WARN__DUPLICATE_METHOD_MATCH = YES;
				COPY_PHASE_STRIP = NO;
				CURRENT_PROJECT_VERSION = 1;
				DEBUG_INFORMATION_FORMAT = "dwarf-with-dsym";
				ENABLE_NS_ASSERTIONS = NO;
				ENABLE_STRICT_OBJC_MSGSEND = YES;
				GCC_C_LANGUAGE_STANDARD = gnu11;
				GCC_NO_COMMON_BLOCKS = YES;
				GCC_WARN_64_TO_32_BIT_CONVERSION = YES;
				GCC_WARN_ABOUT_RETURN_TYPE = YES_ERROR;
				GCC_WARN_UNDECLARED_SELECTOR = YES;
				GCC_WARN_UNINITIALIZED_AUTOS = YES_AGGRESSIVE;
				GCC_WARN_UNUSED_FUNCTION = YES;
				GCC_WARN_UNUSED_VARIABLE = YES;
				MACOSX_DEPLOYMENT_TARGET = 10.15;
				MTL_ENABLE_DEBUG_INFO = NO;
				MTL_FAST_MATH = YES;
				SDKROOT = macosx;
				SWIFT_COMPILATION_MODE = wholemodule;
				SWIFT_OPTIMIZATION_LEVEL = "-O";
				VERSIONING_SYSTEM = "apple-generic";
				VERSION_INFO_PREFIX = "";
			};
			name = Release;
		};
		0464C40C29B9EC06009134BF /* Debug */ = {
			isa = XCBuildConfiguration;
			buildSettings = {
				CLANG_ENABLE_MODULES = YES;
				CODE_SIGN_STYLE = Automatic;
				COMBINE_HIDPI_IMAGES = YES;
				DEFINES_MODULE = YES;
				DEVELOPMENT_TEAM = 65N2H53466;
				DYLIB_COMPATIBILITY_VERSION = 1;
				DYLIB_CURRENT_VERSION = 1;
				DYLIB_INSTALL_NAME_BASE = "@rpath";
				INFOPLIST_FILE = DemoActors/Info.plist;
				INSTALL_PATH = "$(LOCAL_LIBRARY_DIR)/Frameworks";
				LD_RUNPATH_SEARCH_PATHS = (
					"$(inherited)",
					"@executable_path/../Frameworks",
					"@loader_path/Frameworks",
				);
				PRODUCT_BUNDLE_IDENTIFIER = com.vinod.DemoActors;
				PRODUCT_NAME = "$(TARGET_NAME:c99extidentifier)";
				SKIP_INSTALL = YES;
				SWIFT_OPTIMIZATION_LEVEL = "-Onone";
				SWIFT_VERSION = 5.0;
			};
			name = Debug;
		};
		0464C40D29B9EC06009134BF /* Release */ = {
			isa = XCBuildConfiguration;
			buildSettings = {
				CLANG_ENABLE_MODULES = YES;
				CODE_SIGN_STYLE = Automatic;
				COMBINE_HIDPI_IMAGES = YES;
				DEFINES_MODULE = YES;
				DEVELOPMENT_TEAM = 65N2H53466;
				DYLIB_COMPATIBILITY_VERSION = 1;
				DYLIB_CURRENT_VERSION = 1;
				DYLIB_INSTALL_NAME_BASE = "@rpath";
				INFOPLIST_FILE = DemoActors/Info.plist;
				INSTALL_PATH = "$(LOCAL_LIBRARY_DIR)/Frameworks";
				LD_RUNPATH_SEARCH_PATHS = (
					"$(inherited)",
					"@executable_path/../Frameworks",
					"@loader_path/Frameworks",
				);
				PRODUCT_BUNDLE_IDENTIFIER = com.vinod.DemoActors;
				PRODUCT_NAME = "$(TARGET_NAME:c99extidentifier)";
				SKIP_INSTALL = YES;
				SWIFT_VERSION = 5.0;
			};
			name = Release;
		};
		0464C40F29B9EC06009134BF /* Debug */ = {
			isa = XCBuildConfiguration;
			buildSettings = {
				ALWAYS_EMBED_SWIFT_STANDARD_LIBRARIES = YES;
				CODE_SIGN_STYLE = Automatic;
				COMBINE_HIDPI_IMAGES = YES;
				DEVELOPMENT_TEAM = 65N2H53466;
				INFOPLIST_FILE = DemoActorsTests/Info.plist;
				LD_RUNPATH_SEARCH_PATHS = (
					"$(inherited)",
					"@executable_path/../Frameworks",
					"@loader_path/../Frameworks",
				);
				PRODUCT_BUNDLE_IDENTIFIER = com.vinod.DemoActorsTests;
				PRODUCT_NAME = "$(TARGET_NAME)";
				SWIFT_VERSION = 5.0;
			};
			name = Debug;
		};
		0464C41029B9EC06009134BF /* Release */ = {
			isa = XCBuildConfiguration;
			buildSettings = {
				ALWAYS_EMBED_SWIFT_STANDARD_LIBRARIES = YES;
				CODE_SIGN_STYLE = Automatic;
				COMBINE_HIDPI_IMAGES = YES;
				DEVELOPMENT_TEAM = 65N2H53466;
				INFOPLIST_FILE = DemoActorsTests/Info.plist;
				LD_RUNPATH_SEARCH_PATHS = (
					"$(inherited)",
					"@executable_path/../Frameworks",
					"@loader_path/../Frameworks",
				);
				PRODUCT_BUNDLE_IDENTIFIER = com.vinod.DemoActorsTests;
				PRODUCT_NAME = "$(TARGET_NAME)";
				SWIFT_VERSION = 5.0;
			};
			name = Release;
		};
/* End XCBuildConfiguration section */

/* Begin XCConfigurationList section */
		0464C3F129B9EC06009134BF /* Build configuration list for PBXProject "DemoActors" */ = {
			isa = XCConfigurationList;
			buildConfigurations = (
				0464C40929B9EC06009134BF /* Debug */,
				0464C40A29B9EC06009134BF /* Release */,
			);
			defaultConfigurationIsVisible = 0;
			defaultConfigurationName = Release;
		};
		0464C40B29B9EC06009134BF /* Build configuration list for PBXNativeTarget "DemoActors" */ = {
			isa = XCConfigurationList;
			buildConfigurations = (
				0464C40C29B9EC06009134BF /* Debug */,
				0464C40D29B9EC06009134BF /* Release */,
			);
			defaultConfigurationIsVisible = 0;
			defaultConfigurationName = Release;
		};
		0464C40E29B9EC06009134BF /* Build configuration list for PBXNativeTarget "DemoActorsTests" */ = {
			isa = XCConfigurationList;
			buildConfigurations = (
				0464C40F29B9EC06009134BF /* Debug */,
				0464C41029B9EC06009134BF /* Release */,
			);
			defaultConfigurationIsVisible = 0;
			defaultConfigurationName = Release;
		};
/* End XCConfigurationList section */
	};
	rootObject = 0464C3EE29B9EC06009134BF /* Project object */;
}
